
Microsoft Visual Studio Solution File, Format Version 12.00
# Visual Studio Version 17
VisualStudioVersion = 17.9.34728.123
MinimumVisualStudioVersion = 10.0.40219.1
Project("{FAE04EC0-301F-11D3-BF4B-00C04F79EFBC}") = "ifandelse", "ifandelse.csproj", "{A8A24F34-3DE5-4823-B31F-E9AE1F2A21D2}"
EndProject
Global
	GlobalSection(SolutionConfigurationPlatforms) = preSolution
		Debug|Any CPU = Debug|Any CPU
		Release|Any CPU = Release|Any CPU
	EndGlobalSection
	GlobalSection(ProjectConfigurationPlatforms) = postSolution
		{A8A24F34-3DE5-4823-B31F-E9AE1F2A21D2}.Debug|Any CPU.ActiveCfg = Debug|Any CPU
		{A8A24F34-3DE5-4823-B31F-E9AE1F2A21D2}.Debug|Any CPU.Build.0 = Debug|Any CPU
		{A8A24F34-3DE5-4823-B31F-E9AE1F2A21D2}.Release|Any CPU.ActiveCfg = Release|Any CPU
		{A8A24F34-3DE5-4823-B31F-E9AE1F2A21D2}.Release|Any CPU.Build.0 = Release|Any CPU
	EndGlobalSection
	GlobalSection(SolutionProperties) = preSolution
		HideSolutionNode = FALSE
	EndGlobalSection
	GlobalSection(ExtensibilityGlobals) = postSolution
		SolutionGuid = {025C86F8-7127-4436-BAB3-9F25E3D45219}
	EndGlobalSection
EndGlobal
